
Microsoft Visual Studio Solution File, Format Version 12.00
# Visual Studio 15
VisualStudioVersion = 15.0.27703.2000
MinimumVisualStudioVersion = 10.0.40219.1
Project("{FAE04EC0-301F-11D3-BF4B-00C04F79EFBC}") = "AutomationFramework", "AutomationFramework.csproj", "{7BC204E2-19EB-446B-A766-07B3416C55D3}"
EndProject
Global
	GlobalSection(SolutionConfigurationPlatforms) = preSolution
		Debug|Any CPU = Debug|Any CPU
		Release|Any CPU = Release|Any CPU
	EndGlobalSection
	GlobalSection(ProjectConfigurationPlatforms) = postSolution
		{7BC204E2-19EB-446B-A766-07B3416C55D3}.Debug|Any CPU.ActiveCfg = Debug|Any CPU
		{7BC204E2-19EB-446B-A766-07B3416C55D3}.Debug|Any CPU.Build.0 = Debug|Any CPU
		{7BC204E2-19EB-446B-A766-07B3416C55D3}.Release|Any CPU.ActiveCfg = Release|Any CPU
		{7BC204E2-19EB-446B-A766-07B3416C55D3}.Release|Any CPU.Build.0 = Release|Any CPU
	EndGlobalSection
	GlobalSection(SolutionProperties) = preSolution
		HideSolutionNode = FALSE
	EndGlobalSection
	GlobalSection(ExtensibilityGlobals) = postSolution
		SolutionGuid = {9A5D5268-B972-44A0-AB5E-15E85A171163}
	EndGlobalSection
EndGlobal
